
Microsoft Visual Studio Solution File, Format Version 12.00
# Visual Studio 2013
VisualStudioVersion = 12.0.30110.0
MinimumVisualStudioVersion = 10.0.40219.1
Project("{2150E333-8FDC-42A3-9474-1A3956D46DE8}") = ".nuget", ".nuget", "{DC77E3F8-D52C-4186-93AE-AF0652D3EE42}"
	ProjectSection(SolutionItems) = preProject
		.nuget\NuGet.config = .nuget\NuGet.config
		.nuget\NuGet.exe = .nuget\NuGet.exe
		.nuget\NuGet.targets = .nuget\NuGet.targets
	EndProjectSection
EndProject
Project("{FAE04EC0-301F-11D3-BF4B-00C04F79EFBC}") = "ChatServer", "Server\ChatterBox.ChatServer\ChatServer.csproj", "{AFCBC106-2080-47D6-A594-04F688B8E7B4}"
EndProject
Project("{FAE04EC0-301F-11D3-BF4B-00C04F79EFBC}") = "MessageContracts", "Shared\ChatterBox.MessageContracts\MessageContracts.csproj", "{272E3901-C8AD-443C-A870-89C45EB0D0D2}"
EndProject
Project("{FAE04EC0-301F-11D3-BF4B-00C04F79EFBC}") = "Core", "Shared\ChatterBox.Core\Core.csproj", "{FFA4D2D8-9E2B-46CC-8B63-FA7DA1D99841}"
EndProject
Project("{FAE04EC0-301F-11D3-BF4B-00C04F79EFBC}") = "Domain.Tests", "Tests\ChatterBox.Domain.Tests\Domain.Tests.csproj", "{76A6FA46-F5D2-4E9C-96F9-318CB1DCB8AC}"
EndProject
Project("{2150E333-8FDC-42A3-9474-1A3956D46DE8}") = "Server", "Server", "{5EC7351C-2AFD-440E-BBF3-2D57DA1E07F2}"
EndProject
Project("{2150E333-8FDC-42A3-9474-1A3956D46DE8}") = "Client", "Client", "{BDF2D8ED-55D3-44CB-A336-8BF69BC3F84D}"
EndProject
Project("{FAE04EC0-301F-11D3-BF4B-00C04F79EFBC}") = "ChatClient.Console", "Client\ChatterBox.ChatClient.Console\ChatClient.Console.csproj", "{14A1832F-D64B-4AC7-9DD5-737FD20A6189}"
EndProject
Project("{2150E333-8FDC-42A3-9474-1A3956D46DE8}") = "Tests", "Tests", "{AADFD2B5-3156-468A-87C7-E09DF22E5B33}"
EndProject
Project("{2150E333-8FDC-42A3-9474-1A3956D46DE8}") = "Shared", "Shared", "{8EB9895C-D98C-4482-BD5D-BD97ADF0CD39}"
EndProject
Project("{FAE04EC0-301F-11D3-BF4B-00C04F79EFBC}") = "ChatServer.WindowsService", "Server\ChatterBox.ChatServer.WindowsService\ChatServer.WindowsService.csproj", "{BE7B03A2-56AA-45C0-B9EB-65FC88806413}"
EndProject
Project("{FAE04EC0-301F-11D3-BF4B-00C04F79EFBC}") = "ChatServer.Tests", "Tests\ChatterBox.ChatServer.Tests\ChatServer.Tests.csproj", "{99D2FA91-3016-4B0E-9D97-41EABB813353}"
EndProject
Project("{FAE04EC0-301F-11D3-BF4B-00C04F79EFBC}") = "ChatClient.Tests", "Tests\ChatterBox.ChatClient.Tests\ChatClient.Tests.csproj", "{1930A70B-F583-4133-9D89-1A4E9D950E7E}"
EndProject
Project("{FAE04EC0-301F-11D3-BF4B-00C04F79EFBC}") = "ChatClient", "Client\ChatterBox.ChatClient\ChatClient.csproj", "{750AAAA0-FD8B-424B-915F-7C140CB17FF9}"
EndProject
Project("{FAE04EC0-301F-11D3-BF4B-00C04F79EFBC}") = "Domain", "Shared\ChatterBox.Domain\Domain.csproj", "{D81EB12F-D0E1-44C4-A8A7-2C6D18AE5FA5}"
EndProject
Project("{2150E333-8FDC-42A3-9474-1A3956D46DE8}") = "Samples", "Samples", "{EA31B845-801F-494B-8083-E032B83D4D3D}"
EndProject
Project("{FAE04EC0-301F-11D3-BF4B-00C04F79EFBC}") = "ChatServer.IntegrationTests", "Tests\ChatterBox.ChatServer.IntegrationTests\ChatServer.IntegrationTests.csproj", "{429450A2-FB1A-4210-912C-957217EA96BB}"
EndProject
Project("{FAE04EC0-301F-11D3-BF4B-00C04F79EFBC}") = "Core.Tests", "Tests\ChatterBox.Core.Tests\Core.Tests.csproj", "{8151F9E3-E95E-4830-9BF3-D0D0366364D4}"
EndProject
Project("{FAE04EC0-301F-11D3-BF4B-00C04F79EFBC}") = "Messanger.Console", "Samples\Messanger.Console\Messanger.Console.csproj", "{4D4E2D13-8F93-46B3-B23B-B3BD0447D0A0}"
EndProject
Project("{2150E333-8FDC-42A3-9474-1A3956D46DE8}") = "External", "External", "{6A30105D-4EB3-4BE4-85C2-84B8C81A111B}"
EndProject
Project("{FAE04EC0-301F-11D3-BF4B-00C04F79EFBC}") = "Nimbus", "..\submodules\Nimbus\src\Nimbus\Nimbus.csproj", "{1B793C01-E824-4449-B93D-277626B1791F}"
EndProject
Project("{FAE04EC0-301F-11D3-BF4B-00C04F79EFBC}") = "Nimbus.MessageContracts", "..\submodules\Nimbus\src\Nimbus.MessageContracts\Nimbus.MessageContracts.csproj", "{702A4F7E-97C5-4651-B704-65C6D0D70C1C}"
EndProject
Project("{FAE04EC0-301F-11D3-BF4B-00C04F79EFBC}") = "Nimbus.InfrastructureContracts", "..\submodules\Nimbus\src\Nimbus.InfrastructureContracts\Nimbus.InfrastructureContracts.csproj", "{D59397D3-F595-45AB-9BF8-4615C298545B}"
EndProject
Project("{2150E333-8FDC-42A3-9474-1A3956D46DE8}") = "Nimbus", "Nimbus", "{46A9C086-75C0-4D7C-8E31-3AE958D3D408}"
EndProject
Project("{2150E333-8FDC-42A3-9474-1A3956D46DE8}") = "Extensions", "Extensions", "{E6FE7B80-6B93-4CCC-AC64-A5A9A7CC688C}"
EndProject
Project("{FAE04EC0-301F-11D3-BF4B-00C04F79EFBC}") = "Nimbus.Autofac", "..\submodules\Nimbus\src\Extensions\Nimbus.Autofac\Nimbus.Autofac.csproj", "{90DD5B3B-4EFB-484D-A20B-39CB95F66C2E}"
EndProject
Project("{FAE04EC0-301F-11D3-BF4B-00C04F79EFBC}") = "Nimbus.Serializers.Json", "..\submodules\Nimbus\src\Extensions\Nimbus.Serializers.Json\Nimbus.Serializers.Json.csproj", "{109FB118-FA9A-4EB2-88AF-F66C973CE50F}"
EndProject
Project("{FAE04EC0-301F-11D3-BF4B-00C04F79EFBC}") = "Nimbus.LargeMessages.Azure", "..\submodules\Nimbus\src\Extensions\Nimbus.LargeMessages.Azure\Nimbus.LargeMessages.Azure.csproj", "{3D86BFFC-7718-4A33-8CF9-E286B455B993}"
EndProject
Project("{FAE04EC0-301F-11D3-BF4B-00C04F79EFBC}") = "Nimbus.LargeMessages.FileSystem", "..\submodules\Nimbus\src\Extensions\Nimbus.LargeMessages.FileSystem\Nimbus.LargeMessages.FileSystem.csproj", "{7FEB8D9E-1451-4132-8E3B-30D8E7F84126}"
EndProject
Project("{FAE04EC0-301F-11D3-BF4B-00C04F79EFBC}") = "Nimbus.Logger.Serilog", "..\submodules\Nimbus\src\Extensions\Nimbus.Logger.Serilog\Nimbus.Logger.Serilog.csproj", "{6B665505-3C52-49D3-914A-7C295AF3F877}"
EndProject
Project("{FAE04EC0-301F-11D3-BF4B-00C04F79EFBC}") = "Nimbus.Windsor", "..\submodules\Nimbus\src\Extensions\Nimbus.Windsor\Nimbus.Windsor.csproj", "{7FCF3124-24EC-40CA-95FD-E30315D0DDE2}"
EndProject
Project("{2150E333-8FDC-42A3-9474-1A3956D46DE8}") = "Tests", "Tests", "{9C6DF512-DCAF-42E9-A9D8-ED15C5C2BE60}"
EndProject
Project("{FAE04EC0-301F-11D3-BF4B-00C04F79EFBC}") = "Nimbus.UnitTests", "..\submodules\Nimbus\src\Tests\Nimbus.UnitTests\Nimbus.UnitTests.csproj", "{3A562499-3DA9-469E-88B6-2437FC23DD24}"
EndProject
Project("{FAE04EC0-301F-11D3-BF4B-00C04F79EFBC}") = "Nimbus.UnitTests.TestAssemblies.Handlers", "..\submodules\Nimbus\src\Tests\Nimbus.UnitTests.TestAssemblies.Handlers\Nimbus.UnitTests.TestAssemblies.Handlers.csproj", "{0747E41E-8BC7-4CE9-82AE-9051F3F6E55B}"
EndProject
Project("{FAE04EC0-301F-11D3-BF4B-00C04F79EFBC}") = "Nimbus.UnitTests.TestAssemblies.MessageContracts", "..\submodules\Nimbus\src\Tests\Nimbus.UnitTests.TestAssemblies.MessageContracts\Nimbus.UnitTests.TestAssemblies.MessageContracts.csproj", "{AD2DAA55-CA83-4FA6-A0A8-2AAE1CB9EA41}"
EndProject
Project("{FAE04EC0-301F-11D3-BF4B-00C04F79EFBC}") = "Nimbus.UnitTests.TestAssemblies.MessageContracts.Serialization", "..\submodules\Nimbus\src\Tests\Nimbus.UnitTests.TestAssemblies.MessageContracts.Serialization\Nimbus.UnitTests.TestAssemblies.MessageContracts.Serialization.csproj", "{8E57016E-6344-4245-82CA-A5B4D5BAA07E}"
EndProject
Project("{FAE04EC0-301F-11D3-BF4B-00C04F79EFBC}") = "Nimbus.IntegrationTests", "..\submodules\Nimbus\src\Tests\Nimbus.IntegrationTests\Nimbus.IntegrationTests.csproj", "{5BAAC418-8993-48FB-994B-2F06A4B5A26B}"
EndProject
Project("{FAE04EC0-301F-11D3-BF4B-00C04F79EFBC}") = "Nimbus.IntegrationTests.InfrastructureContracts", "..\submodules\Nimbus\src\Tests\Nimbus.IntegrationTests.InfrastructureContracts\Nimbus.IntegrationTests.InfrastructureContracts.csproj", "{661699AC-929D-4F77-96A5-DE73F5B8E214}"
EndProject
Global
	GlobalSection(SolutionConfigurationPlatforms) = preSolution
		Debug|Any CPU = Debug|Any CPU
		Release|Any CPU = Release|Any CPU
	EndGlobalSection
	GlobalSection(ProjectConfigurationPlatforms) = postSolution
		{AFCBC106-2080-47D6-A594-04F688B8E7B4}.Debug|Any CPU.ActiveCfg = Debug|Any CPU
		{AFCBC106-2080-47D6-A594-04F688B8E7B4}.Debug|Any CPU.Build.0 = Debug|Any CPU
		{AFCBC106-2080-47D6-A594-04F688B8E7B4}.Release|Any CPU.ActiveCfg = Release|Any CPU
		{AFCBC106-2080-47D6-A594-04F688B8E7B4}.Release|Any CPU.Build.0 = Release|Any CPU
		{272E3901-C8AD-443C-A870-89C45EB0D0D2}.Debug|Any CPU.ActiveCfg = Debug|Any CPU
		{272E3901-C8AD-443C-A870-89C45EB0D0D2}.Debug|Any CPU.Build.0 = Debug|Any CPU
		{272E3901-C8AD-443C-A870-89C45EB0D0D2}.Release|Any CPU.ActiveCfg = Release|Any CPU
		{272E3901-C8AD-443C-A870-89C45EB0D0D2}.Release|Any CPU.Build.0 = Release|Any CPU
		{FFA4D2D8-9E2B-46CC-8B63-FA7DA1D99841}.Debug|Any CPU.ActiveCfg = Debug|Any CPU
		{FFA4D2D8-9E2B-46CC-8B63-FA7DA1D99841}.Debug|Any CPU.Build.0 = Debug|Any CPU
		{FFA4D2D8-9E2B-46CC-8B63-FA7DA1D99841}.Release|Any CPU.ActiveCfg = Release|Any CPU
		{FFA4D2D8-9E2B-46CC-8B63-FA7DA1D99841}.Release|Any CPU.Build.0 = Release|Any CPU
		{76A6FA46-F5D2-4E9C-96F9-318CB1DCB8AC}.Debug|Any CPU.ActiveCfg = Debug|Any CPU
		{76A6FA46-F5D2-4E9C-96F9-318CB1DCB8AC}.Debug|Any CPU.Build.0 = Debug|Any CPU
		{76A6FA46-F5D2-4E9C-96F9-318CB1DCB8AC}.Release|Any CPU.ActiveCfg = Release|Any CPU
		{76A6FA46-F5D2-4E9C-96F9-318CB1DCB8AC}.Release|Any CPU.Build.0 = Release|Any CPU
		{14A1832F-D64B-4AC7-9DD5-737FD20A6189}.Debug|Any CPU.ActiveCfg = Debug|Any CPU
		{14A1832F-D64B-4AC7-9DD5-737FD20A6189}.Debug|Any CPU.Build.0 = Debug|Any CPU
		{14A1832F-D64B-4AC7-9DD5-737FD20A6189}.Release|Any CPU.ActiveCfg = Release|Any CPU
		{14A1832F-D64B-4AC7-9DD5-737FD20A6189}.Release|Any CPU.Build.0 = Release|Any CPU
		{BE7B03A2-56AA-45C0-B9EB-65FC88806413}.Debug|Any CPU.ActiveCfg = Debug|Any CPU
		{BE7B03A2-56AA-45C0-B9EB-65FC88806413}.Debug|Any CPU.Build.0 = Debug|Any CPU
		{BE7B03A2-56AA-45C0-B9EB-65FC88806413}.Release|Any CPU.ActiveCfg = Release|Any CPU
		{BE7B03A2-56AA-45C0-B9EB-65FC88806413}.Release|Any CPU.Build.0 = Release|Any CPU
		{99D2FA91-3016-4B0E-9D97-41EABB813353}.Debug|Any CPU.ActiveCfg = Debug|Any CPU
		{99D2FA91-3016-4B0E-9D97-41EABB813353}.Debug|Any CPU.Build.0 = Debug|Any CPU
		{99D2FA91-3016-4B0E-9D97-41EABB813353}.Release|Any CPU.ActiveCfg = Release|Any CPU
		{99D2FA91-3016-4B0E-9D97-41EABB813353}.Release|Any CPU.Build.0 = Release|Any CPU
		{1930A70B-F583-4133-9D89-1A4E9D950E7E}.Debug|Any CPU.ActiveCfg = Debug|Any CPU
		{1930A70B-F583-4133-9D89-1A4E9D950E7E}.Debug|Any CPU.Build.0 = Debug|Any CPU
		{1930A70B-F583-4133-9D89-1A4E9D950E7E}.Release|Any CPU.ActiveCfg = Release|Any CPU
		{1930A70B-F583-4133-9D89-1A4E9D950E7E}.Release|Any CPU.Build.0 = Release|Any CPU
		{750AAAA0-FD8B-424B-915F-7C140CB17FF9}.Debug|Any CPU.ActiveCfg = Debug|Any CPU
		{750AAAA0-FD8B-424B-915F-7C140CB17FF9}.Debug|Any CPU.Build.0 = Debug|Any CPU
		{750AAAA0-FD8B-424B-915F-7C140CB17FF9}.Release|Any CPU.ActiveCfg = Release|Any CPU
		{750AAAA0-FD8B-424B-915F-7C140CB17FF9}.Release|Any CPU.Build.0 = Release|Any CPU
		{D81EB12F-D0E1-44C4-A8A7-2C6D18AE5FA5}.Debug|Any CPU.ActiveCfg = Debug|Any CPU
		{D81EB12F-D0E1-44C4-A8A7-2C6D18AE5FA5}.Debug|Any CPU.Build.0 = Debug|Any CPU
		{D81EB12F-D0E1-44C4-A8A7-2C6D18AE5FA5}.Release|Any CPU.ActiveCfg = Release|Any CPU
		{D81EB12F-D0E1-44C4-A8A7-2C6D18AE5FA5}.Release|Any CPU.Build.0 = Release|Any CPU
		{429450A2-FB1A-4210-912C-957217EA96BB}.Debug|Any CPU.ActiveCfg = Debug|Any CPU
		{429450A2-FB1A-4210-912C-957217EA96BB}.Debug|Any CPU.Build.0 = Debug|Any CPU
		{429450A2-FB1A-4210-912C-957217EA96BB}.Release|Any CPU.ActiveCfg = Release|Any CPU
		{429450A2-FB1A-4210-912C-957217EA96BB}.Release|Any CPU.Build.0 = Release|Any CPU
		{8151F9E3-E95E-4830-9BF3-D0D0366364D4}.Debug|Any CPU.ActiveCfg = Debug|Any CPU
		{8151F9E3-E95E-4830-9BF3-D0D0366364D4}.Debug|Any CPU.Build.0 = Debug|Any CPU
		{8151F9E3-E95E-4830-9BF3-D0D0366364D4}.Release|Any CPU.ActiveCfg = Release|Any CPU
		{8151F9E3-E95E-4830-9BF3-D0D0366364D4}.Release|Any CPU.Build.0 = Release|Any CPU
		{4D4E2D13-8F93-46B3-B23B-B3BD0447D0A0}.Debug|Any CPU.ActiveCfg = Debug|Any CPU
		{4D4E2D13-8F93-46B3-B23B-B3BD0447D0A0}.Debug|Any CPU.Build.0 = Debug|Any CPU
		{4D4E2D13-8F93-46B3-B23B-B3BD0447D0A0}.Release|Any CPU.ActiveCfg = Release|Any CPU
		{4D4E2D13-8F93-46B3-B23B-B3BD0447D0A0}.Release|Any CPU.Build.0 = Release|Any CPU
		{1B793C01-E824-4449-B93D-277626B1791F}.Debug|Any CPU.ActiveCfg = Debug|Any CPU
		{1B793C01-E824-4449-B93D-277626B1791F}.Debug|Any CPU.Build.0 = Debug|Any CPU
		{1B793C01-E824-4449-B93D-277626B1791F}.Release|Any CPU.ActiveCfg = Release|Any CPU
		{1B793C01-E824-4449-B93D-277626B1791F}.Release|Any CPU.Build.0 = Release|Any CPU
		{702A4F7E-97C5-4651-B704-65C6D0D70C1C}.Debug|Any CPU.ActiveCfg = Debug|Any CPU
		{702A4F7E-97C5-4651-B704-65C6D0D70C1C}.Debug|Any CPU.Build.0 = Debug|Any CPU
		{702A4F7E-97C5-4651-B704-65C6D0D70C1C}.Release|Any CPU.ActiveCfg = Release|Any CPU
		{702A4F7E-97C5-4651-B704-65C6D0D70C1C}.Release|Any CPU.Build.0 = Release|Any CPU
		{D59397D3-F595-45AB-9BF8-4615C298545B}.Debug|Any CPU.ActiveCfg = Debug|Any CPU
		{D59397D3-F595-45AB-9BF8-4615C298545B}.Debug|Any CPU.Build.0 = Debug|Any CPU
		{D59397D3-F595-45AB-9BF8-4615C298545B}.Release|Any CPU.ActiveCfg = Release|Any CPU
		{D59397D3-F595-45AB-9BF8-4615C298545B}.Release|Any CPU.Build.0 = Release|Any CPU
		{90DD5B3B-4EFB-484D-A20B-39CB95F66C2E}.Debug|Any CPU.ActiveCfg = Debug|Any CPU
		{90DD5B3B-4EFB-484D-A20B-39CB95F66C2E}.Debug|Any CPU.Build.0 = Debug|Any CPU
		{90DD5B3B-4EFB-484D-A20B-39CB95F66C2E}.Release|Any CPU.ActiveCfg = Release|Any CPU
		{90DD5B3B-4EFB-484D-A20B-39CB95F66C2E}.Release|Any CPU.Build.0 = Release|Any CPU
		{109FB118-FA9A-4EB2-88AF-F66C973CE50F}.Debug|Any CPU.ActiveCfg = Debug|Any CPU
		{109FB118-FA9A-4EB2-88AF-F66C973CE50F}.Debug|Any CPU.Build.0 = Debug|Any CPU
		{109FB118-FA9A-4EB2-88AF-F66C973CE50F}.Release|Any CPU.ActiveCfg = Release|Any CPU
		{109FB118-FA9A-4EB2-88AF-F66C973CE50F}.Release|Any CPU.Build.0 = Release|Any CPU
		{3D86BFFC-7718-4A33-8CF9-E286B455B993}.Debug|Any CPU.ActiveCfg = Debug|Any CPU
		{3D86BFFC-7718-4A33-8CF9-E286B455B993}.Debug|Any CPU.Build.0 = Debug|Any CPU
		{3D86BFFC-7718-4A33-8CF9-E286B455B993}.Release|Any CPU.ActiveCfg = Release|Any CPU
		{3D86BFFC-7718-4A33-8CF9-E286B455B993}.Release|Any CPU.Build.0 = Release|Any CPU
		{7FEB8D9E-1451-4132-8E3B-30D8E7F84126}.Debug|Any CPU.ActiveCfg = Debug|Any CPU
		{7FEB8D9E-1451-4132-8E3B-30D8E7F84126}.Debug|Any CPU.Build.0 = Debug|Any CPU
		{7FEB8D9E-1451-4132-8E3B-30D8E7F84126}.Release|Any CPU.ActiveCfg = Release|Any CPU
		{7FEB8D9E-1451-4132-8E3B-30D8E7F84126}.Release|Any CPU.Build.0 = Release|Any CPU
		{6B665505-3C52-49D3-914A-7C295AF3F877}.Debug|Any CPU.ActiveCfg = Debug|Any CPU
		{6B665505-3C52-49D3-914A-7C295AF3F877}.Debug|Any CPU.Build.0 = Debug|Any CPU
		{6B665505-3C52-49D3-914A-7C295AF3F877}.Release|Any CPU.ActiveCfg = Release|Any CPU
		{6B665505-3C52-49D3-914A-7C295AF3F877}.Release|Any CPU.Build.0 = Release|Any CPU
		{7FCF3124-24EC-40CA-95FD-E30315D0DDE2}.Debug|Any CPU.ActiveCfg = Debug|Any CPU
		{7FCF3124-24EC-40CA-95FD-E30315D0DDE2}.Debug|Any CPU.Build.0 = Debug|Any CPU
		{7FCF3124-24EC-40CA-95FD-E30315D0DDE2}.Release|Any CPU.ActiveCfg = Release|Any CPU
		{7FCF3124-24EC-40CA-95FD-E30315D0DDE2}.Release|Any CPU.Build.0 = Release|Any CPU
		{3A562499-3DA9-469E-88B6-2437FC23DD24}.Debug|Any CPU.ActiveCfg = Debug|Any CPU
		{3A562499-3DA9-469E-88B6-2437FC23DD24}.Debug|Any CPU.Build.0 = Debug|Any CPU
		{3A562499-3DA9-469E-88B6-2437FC23DD24}.Release|Any CPU.ActiveCfg = Release|Any CPU
		{3A562499-3DA9-469E-88B6-2437FC23DD24}.Release|Any CPU.Build.0 = Release|Any CPU
		{0747E41E-8BC7-4CE9-82AE-9051F3F6E55B}.Debug|Any CPU.ActiveCfg = Debug|Any CPU
		{0747E41E-8BC7-4CE9-82AE-9051F3F6E55B}.Debug|Any CPU.Build.0 = Debug|Any CPU
		{0747E41E-8BC7-4CE9-82AE-9051F3F6E55B}.Release|Any CPU.ActiveCfg = Release|Any CPU
		{0747E41E-8BC7-4CE9-82AE-9051F3F6E55B}.Release|Any CPU.Build.0 = Release|Any CPU
		{AD2DAA55-CA83-4FA6-A0A8-2AAE1CB9EA41}.Debug|Any CPU.ActiveCfg = Debug|Any CPU
		{AD2DAA55-CA83-4FA6-A0A8-2AAE1CB9EA41}.Debug|Any CPU.Build.0 = Debug|Any CPU
		{AD2DAA55-CA83-4FA6-A0A8-2AAE1CB9EA41}.Release|Any CPU.ActiveCfg = Release|Any CPU
		{AD2DAA55-CA83-4FA6-A0A8-2AAE1CB9EA41}.Release|Any CPU.Build.0 = Release|Any CPU
		{8E57016E-6344-4245-82CA-A5B4D5BAA07E}.Debug|Any CPU.ActiveCfg = Debug|Any CPU
		{8E57016E-6344-4245-82CA-A5B4D5BAA07E}.Debug|Any CPU.Build.0 = Debug|Any CPU
		{8E57016E-6344-4245-82CA-A5B4D5BAA07E}.Release|Any CPU.ActiveCfg = Release|Any CPU
		{8E57016E-6344-4245-82CA-A5B4D5BAA07E}.Release|Any CPU.Build.0 = Release|Any CPU
		{5BAAC418-8993-48FB-994B-2F06A4B5A26B}.Debug|Any CPU.ActiveCfg = Debug|Any CPU
		{5BAAC418-8993-48FB-994B-2F06A4B5A26B}.Debug|Any CPU.Build.0 = Debug|Any CPU
		{5BAAC418-8993-48FB-994B-2F06A4B5A26B}.Release|Any CPU.ActiveCfg = Release|Any CPU
		{5BAAC418-8993-48FB-994B-2F06A4B5A26B}.Release|Any CPU.Build.0 = Release|Any CPU
		{661699AC-929D-4F77-96A5-DE73F5B8E214}.Debug|Any CPU.ActiveCfg = Debug|Any CPU
		{661699AC-929D-4F77-96A5-DE73F5B8E214}.Debug|Any CPU.Build.0 = Debug|Any CPU
		{661699AC-929D-4F77-96A5-DE73F5B8E214}.Release|Any CPU.ActiveCfg = Release|Any CPU
		{661699AC-929D-4F77-96A5-DE73F5B8E214}.Release|Any CPU.Build.0 = Release|Any CPU
	EndGlobalSection
	GlobalSection(SolutionProperties) = preSolution
		HideSolutionNode = FALSE
	EndGlobalSection
	GlobalSection(NestedProjects) = preSolution
		{AFCBC106-2080-47D6-A594-04F688B8E7B4} = {5EC7351C-2AFD-440E-BBF3-2D57DA1E07F2}
		{BE7B03A2-56AA-45C0-B9EB-65FC88806413} = {5EC7351C-2AFD-440E-BBF3-2D57DA1E07F2}
		{FFA4D2D8-9E2B-46CC-8B63-FA7DA1D99841} = {8EB9895C-D98C-4482-BD5D-BD97ADF0CD39}
		{272E3901-C8AD-443C-A870-89C45EB0D0D2} = {8EB9895C-D98C-4482-BD5D-BD97ADF0CD39}
		{D81EB12F-D0E1-44C4-A8A7-2C6D18AE5FA5} = {8EB9895C-D98C-4482-BD5D-BD97ADF0CD39}
		{76A6FA46-F5D2-4E9C-96F9-318CB1DCB8AC} = {AADFD2B5-3156-468A-87C7-E09DF22E5B33}
		{99D2FA91-3016-4B0E-9D97-41EABB813353} = {AADFD2B5-3156-468A-87C7-E09DF22E5B33}
		{1930A70B-F583-4133-9D89-1A4E9D950E7E} = {AADFD2B5-3156-468A-87C7-E09DF22E5B33}
		{429450A2-FB1A-4210-912C-957217EA96BB} = {AADFD2B5-3156-468A-87C7-E09DF22E5B33}
		{8151F9E3-E95E-4830-9BF3-D0D0366364D4} = {AADFD2B5-3156-468A-87C7-E09DF22E5B33}
		{14A1832F-D64B-4AC7-9DD5-737FD20A6189} = {BDF2D8ED-55D3-44CB-A336-8BF69BC3F84D}
		{750AAAA0-FD8B-424B-915F-7C140CB17FF9} = {BDF2D8ED-55D3-44CB-A336-8BF69BC3F84D}
		{4D4E2D13-8F93-46B3-B23B-B3BD0447D0A0} = {EA31B845-801F-494B-8083-E032B83D4D3D}
		{46A9C086-75C0-4D7C-8E31-3AE958D3D408} = {6A30105D-4EB3-4BE4-85C2-84B8C81A111B}
		{1B793C01-E824-4449-B93D-277626B1791F} = {46A9C086-75C0-4D7C-8E31-3AE958D3D408}
		{D59397D3-F595-45AB-9BF8-4615C298545B} = {46A9C086-75C0-4D7C-8E31-3AE958D3D408}
		{702A4F7E-97C5-4651-B704-65C6D0D70C1C} = {46A9C086-75C0-4D7C-8E31-3AE958D3D408}
		{E6FE7B80-6B93-4CCC-AC64-A5A9A7CC688C} = {46A9C086-75C0-4D7C-8E31-3AE958D3D408}
		{9C6DF512-DCAF-42E9-A9D8-ED15C5C2BE60} = {46A9C086-75C0-4D7C-8E31-3AE958D3D408}
		{90DD5B3B-4EFB-484D-A20B-39CB95F66C2E} = {E6FE7B80-6B93-4CCC-AC64-A5A9A7CC688C}
		{109FB118-FA9A-4EB2-88AF-F66C973CE50F} = {E6FE7B80-6B93-4CCC-AC64-A5A9A7CC688C}
		{3D86BFFC-7718-4A33-8CF9-E286B455B993} = {E6FE7B80-6B93-4CCC-AC64-A5A9A7CC688C}
		{7FEB8D9E-1451-4132-8E3B-30D8E7F84126} = {E6FE7B80-6B93-4CCC-AC64-A5A9A7CC688C}
		{6B665505-3C52-49D3-914A-7C295AF3F877} = {E6FE7B80-6B93-4CCC-AC64-A5A9A7CC688C}
		{7FCF3124-24EC-40CA-95FD-E30315D0DDE2} = {E6FE7B80-6B93-4CCC-AC64-A5A9A7CC688C}
		{3A562499-3DA9-469E-88B6-2437FC23DD24} = {9C6DF512-DCAF-42E9-A9D8-ED15C5C2BE60}
		{0747E41E-8BC7-4CE9-82AE-9051F3F6E55B} = {9C6DF512-DCAF-42E9-A9D8-ED15C5C2BE60}
		{AD2DAA55-CA83-4FA6-A0A8-2AAE1CB9EA41} = {9C6DF512-DCAF-42E9-A9D8-ED15C5C2BE60}
		{8E57016E-6344-4245-82CA-A5B4D5BAA07E} = {9C6DF512-DCAF-42E9-A9D8-ED15C5C2BE60}
		{5BAAC418-8993-48FB-994B-2F06A4B5A26B} = {9C6DF512-DCAF-42E9-A9D8-ED15C5C2BE60}
		{661699AC-929D-4F77-96A5-DE73F5B8E214} = {9C6DF512-DCAF-42E9-A9D8-ED15C5C2BE60}
	EndGlobalSection
EndGlobal
